// !$*UTF8*$!
{
	archiveVersion = 1;
	classes = {
	};
	objectVersion = 46;
	objects = {

/* Begin PBXBuildFile section */
		D71634351DAAA84F0034615A /* AppDelegate.swift in Sources */ = {isa = PBXBuildFile; fileRef = D71634341DAAA84F0034615A /* AppDelegate.swift */; };
		D71634371DAAA84F0034615A /* ViewController.swift in Sources */ = {isa = PBXBuildFile; fileRef = D71634361DAAA84F0034615A /* ViewController.swift */; };
		D716343A1DAAA84F0034615A /* Main.storyboard in Resources */ = {isa = PBXBuildFile; fileRef = D71634381DAAA84F0034615A /* Main.storyboard */; };
		D716343C1DAAA84F0034615A /* Assets.xcassets in Resources */ = {isa = PBXBuildFile; fileRef = D716343B1DAAA84F0034615A /* Assets.xcassets */; };
		D716343F1DAAA84F0034615A /* LaunchScreen.storyboard in Resources */ = {isa = PBXBuildFile; fileRef = D716343D1DAAA84F0034615A /* LaunchScreen.storyboard */; };
		D716344A1DAAA84F0034615A /* HelloWorldTests.swift in Sources */ = {isa = PBXBuildFile; fileRef = D71634491DAAA84F0034615A /* HelloWorldTests.swift */; };
		D71634551DAAA84F0034615A /* HelloWorldUITests.swift in Sources */ = {isa = PBXBuildFile; fileRef = D71634541DAAA84F0034615A /* HelloWorldUITests.swift */; };
/* End PBXBuildFile section */

/* Begin PBXContainerItemProxy section */
		D71634461DAAA84F0034615A /* PBXContainerItemProxy */ = {
			isa = PBXContainerItemProxy;
			containerPortal = D71634291DAAA84F0034615A /* Project object */;
			proxyType = 1;
			remoteGlobalIDString = D71634301DAAA84F0034615A;
			remoteInfo = HelloWorld;
		};
		D71634511DAAA84F0034615A /* PBXContainerItemProxy */ = {
			isa = PBXContainerItemProxy;
			containerPortal = D71634291DAAA84F0034615A /* Project object */;
			proxyType = 1;
			remoteGlobalIDString = D71634301DAAA84F0034615A;
			remoteInfo = HelloWorld;
		};
/* End PBXContainerItemProxy section */

/* Begin PBXFileReference section */
		D71634311DAAA84F0034615A /* HelloWorld.app */ = {isa = PBXFileReference; explicitFileType = wrapper.application; includeInIndex = 0; path = HelloWorld.app; sourceTree = BUILT_PRODUCTS_DIR; };
		D71634341DAAA84F0034615A /* AppDelegate.swift */ = {isa = PBXFileReference; lastKnownFileType = sourcecode.swift; path = AppDelegate.swift; sourceTree = "<group>"; };
		D71634361DAAA84F0034615A /* ViewController.swift */ = {isa = PBXFileReference; lastKnownFileType = sourcecode.swift; path = ViewController.swift; sourceTree = "<group>"; };
		D71634391DAAA84F0034615A /* Base */ = {isa = PBXFileReference; lastKnownFileType = file.storyboard; name = Base; path = Base.lproj/Main.storyboard; sourceTree = "<group>"; };
		D716343B1DAAA84F0034615A /* Assets.xcassets */ = {isa = PBXFileReference; lastKnownFileType = folder.assetcatalog; path = Assets.xcassets; sourceTree = "<group>"; };
		D716343E1DAAA84F0034615A /* Base */ = {isa = PBXFileReference; lastKnownFileType = file.storyboard; name = Base; path = Base.lproj/LaunchScreen.storyboard; sourceTree = "<group>"; };
		D71634401DAAA84F0034615A /* Info.plist */ = {isa = PBXFileReference; lastKnownFileType = text.plist.xml; path = Info.plist; sourceTree = "<group>"; };
		D71634451DAAA84F0034615A /* HelloWorldTests.xctest */ = {isa = PBXFileReference; explicitFileType = wrapper.cfbundle; includeInIndex = 0; path = HelloWorldTests.xctest; sourceTree = BUILT_PRODUCTS_DIR; };
		D71634491DAAA84F0034615A /* HelloWorldTests.swift */ = {isa = PBXFileReference; lastKnownFileType = sourcecode.swift; path = HelloWorldTests.swift; sourceTree = "<group>"; };
		D716344B1DAAA84F0034615A /* Info.plist */ = {isa = PBXFileReference; lastKnownFileType = text.plist.xml; path = Info.plist; sourceTree = "<group>"; };
		D71634501DAAA84F0034615A /* HelloWorldUITests.xctest */ = {isa = PBXFileReference; explicitFileType = wrapper.cfbundle; includeInIndex = 0; path = HelloWorldUITests.xctest; sourceTree = BUILT_PRODUCTS_DIR; };
		D71634541DAAA84F0034615A /* HelloWorldUITests.swift */ = {isa = PBXFileReference; lastKnownFileType = sourcecode.swift; path = HelloWorldUITests.swift; sourceTree = "<group>"; };
		D71634561DAAA84F0034615A /* Info.plist */ = {isa = PBXFileReference; lastKnownFileType = text.plist.xml; path = Info.plist; sourceTree = "<group>"; };
/* End PBXFileReference section */

/* Begin PBXFrameworksBuildPhase section */
		D716342E1DAAA84F0034615A /* Frameworks */ = {
			isa = PBXFrameworksBuildPhase;
			buildActionMask = 2147483647;
			files = (
			);
			runOnlyForDeploymentPostprocessing = 0;
		};
		D71634421DAAA84F0034615A /* Frameworks */ = {
			isa = PBXFrameworksBuildPhase;
			buildActionMask = 2147483647;
			files = (
			);
			runOnlyForDeploymentPostprocessing = 0;
		};
		D716344D1DAAA84F0034615A /* Frameworks */ = {
			isa = PBXFrameworksBuildPhase;
			buildActionMask = 2147483647;
			files = (
			);
			runOnlyForDeploymentPostprocessing = 0;
		};
/* End PBXFrameworksBuildPhase section */

/* Begin PBXGroup section */
		D71634281DAAA84F0034615A = {
			isa = PBXGroup;
			children = (
				D71634331DAAA84F0034615A /* HelloWorld */,
				D71634481DAAA84F0034615A /* HelloWorldTests */,
				D71634531DAAA84F0034615A /* HelloWorldUITests */,
				D71634321DAAA84F0034615A /* Products */,
			);
			sourceTree = "<group>";
		};
		D71634321DAAA84F0034615A /* Products */ = {
			isa = PBXGroup;
			children = (
				D71634311DAAA84F0034615A /* HelloWorld.app */,
				D71634451DAAA84F0034615A /* HelloWorldTests.xctest */,
				D71634501DAAA84F0034615A /* HelloWorldUITests.xctest */,
			);
			name = Products;
			sourceTree = "<group>";
		};
		D71634331DAAA84F0034615A /* HelloWorld */ = {
			isa = PBXGroup;
			children = (
				D71634341DAAA84F0034615A /* AppDelegate.swift */,
				D71634361DAAA84F0034615A /* ViewController.swift */,
				D71634381DAAA84F0034615A /* Main.storyboard */,
				D716343B1DAAA84F0034615A /* Assets.xcassets */,
				D716343D1DAAA84F0034615A /* LaunchScreen.storyboard */,
				D71634401DAAA84F0034615A /* Info.plist */,
			);
			path = HelloWorld;
			sourceTree = "<group>";
		};
		D71634481DAAA84F0034615A /* HelloWorldTests */ = {
			isa = PBXGroup;
			children = (
				D71634491DAAA84F0034615A /* HelloWorldTests.swift */,
				D716344B1DAAA84F0034615A /* Info.plist */,
			);
			path = HelloWorldTests;
			sourceTree = "<group>";
		};
		D71634531DAAA84F0034615A /* HelloWorldUITests */ = {
			isa = PBXGroup;
			children = (
				D71634541DAAA84F0034615A /* HelloWorldUITests.swift */,
				D71634561DAAA84F0034615A /* Info.plist */,
			);
			path = HelloWorldUITests;
			sourceTree = "<group>";
		};
/* End PBXGroup section */

/* Begin PBXNativeTarget section */
		D71634301DAAA84F0034615A /* HelloWorld */ = {
			isa = PBXNativeTarget;
			buildConfigurationList = D71634591DAAA84F0034615A /* Build configuration list for PBXNativeTarget "HelloWorld" */;
			buildPhases = (
				D716342D1DAAA84F0034615A /* Sources */,
				D716342E1DAAA84F0034615A /* Frameworks */,
				D716342F1DAAA84F0034615A /* Resources */,
			);
			buildRules = (
			);
			dependencies = (
			);
			name = HelloWorld;
			productName = HelloWorld;
			productReference = D71634311DAAA84F0034615A /* HelloWorld.app */;
			productType = "com.apple.product-type.application";
		};
		D71634441DAAA84F0034615A /* HelloWorldTests */ = {
			isa = PBXNativeTarget;
			buildConfigurationList = D716345C1DAAA84F0034615A /* Build configuration list for PBXNativeTarget "HelloWorldTests" */;
			buildPhases = (
				D71634411DAAA84F0034615A /* Sources */,
				D71634421DAAA84F0034615A /* Frameworks */,
				D71634431DAAA84F0034615A /* Resources */,
			);
			buildRules = (
			);
			dependencies = (
				D71634471DAAA84F0034615A /* PBXTargetDependency */,
			);
			name = HelloWorldTests;
			productName = HelloWorldTests;
			productReference = D71634451DAAA84F0034615A /* HelloWorldTests.xctest */;
			productType = "com.apple.product-type.bundle.unit-test";
		};
		D716344F1DAAA84F0034615A /* HelloWorldUITests */ = {
			isa = PBXNativeTarget;
			buildConfigurationList = D716345F1DAAA84F0034615A /* Build configuration list for PBXNativeTarget "HelloWorldUITests" */;
			buildPhases = (
				D716344C1DAAA84F0034615A /* Sources */,
				D716344D1DAAA84F0034615A /* Frameworks */,
				D716344E1DAAA84F0034615A /* Resources */,
			);
			buildRules = (
			);
			dependencies = (
				D71634521DAAA84F0034615A /* PBXTargetDependency */,
			);
			name = HelloWorldUITests;
			productName = HelloWorldUITests;
			productReference = D71634501DAAA84F0034615A /* HelloWorldUITests.xctest */;
			productType = "com.apple.product-type.bundle.ui-testing";
		};
/* End PBXNativeTarget section */

/* Begin PBXProject section */
		D71634291DAAA84F0034615A /* Project object */ = {
			isa = PBXProject;
			attributes = {
				LastSwiftUpdateCheck = 0800;
				LastUpgradeCheck = 0800;
				ORGANIZATIONNAME = lavr;
				TargetAttributes = {
					D71634301DAAA84F0034615A = {
						CreatedOnToolsVersion = 8.0;
						ProvisioningStyle = Automatic;
					};
					D71634441DAAA84F0034615A = {
						CreatedOnToolsVersion = 8.0;
						ProvisioningStyle = Automatic;
						TestTargetID = D71634301DAAA84F0034615A;
					};
					D716344F1DAAA84F0034615A = {
						CreatedOnToolsVersion = 8.0;
						ProvisioningStyle = Automatic;
						TestTargetID = D71634301DAAA84F0034615A;
					};
				};
			};
			buildConfigurationList = D716342C1DAAA84F0034615A /* Build configuration list for PBXProject "HelloWorld" */;
			compatibilityVersion = "Xcode 3.2";
			developmentRegion = English;
			hasScannedForEncodings = 0;
			knownRegions = (
				en,
				Base,
			);
			mainGroup = D71634281DAAA84F0034615A;
			productRefGroup = D71634321DAAA84F0034615A /* Products */;
			projectDirPath = "";
			projectRoot = "";
			targets = (
				D71634301DAAA84F0034615A /* HelloWorld */,
				D71634441DAAA84F0034615A /* HelloWorldTests */,
				D716344F1DAAA84F0034615A /* HelloWorldUITests */,
			);
		};
/* End PBXProject section */

/* Begin PBXResourcesBuildPhase section */
		D716342F1DAAA84F0034615A /* Resources */ = {
			isa = PBXResourcesBuildPhase;
			buildActionMask = 2147483647;
			files = (
				D716343F1DAAA84F0034615A /* LaunchScreen.storyboard in Resources */,
				D716343C1DAAA84F0034615A /* Assets.xcassets in Resources */,
				D716343A1DAAA84F0034615A /* Main.storyboard in Resources */,
			);
			runOnlyForDeploymentPostprocessing = 0;
		};
		D71634431DAAA84F0034615A /* Resources */ = {
			isa = PBXResourcesBuildPhase;
			buildActionMask = 2147483647;
			files = (
			);
			runOnlyForDeploymentPostprocessing = 0;
		};
		D716344E1DAAA84F0034615A /* Resources */ = {
			isa = PBXResourcesBuildPhase;
			buildActionMask = 2147483647;
			files = (
			);
			runOnlyForDeploymentPostprocessing = 0;
		};
/* End PBXResourcesBuildPhase section */

/* Begin PBXSourcesBuildPhase section */
		D716342D1DAAA84F0034615A /* Sources */ = {
			isa = PBXSourcesBuildPhase;
			buildActionMask = 2147483647;
			files = (
				D71634371DAAA84F0034615A /* ViewController.swift in Sources */,
				D71634351DAAA84F0034615A /* AppDelegate.swift in Sources */,
			);
			runOnlyForDeploymentPostprocessing = 0;
		};
		D71634411DAAA84F0034615A /* Sources */ = {
			isa = PBXSourcesBuildPhase;
			buildActionMask = 2147483647;
			files = (
				D716344A1DAAA84F0034615A /* HelloWorldTests.swift in Sources */,
			);
			runOnlyForDeploymentPostprocessing = 0;
		};
		D716344C1DAAA84F0034615A /* Sources */ = {
			isa = PBXSourcesBuildPhase;
			buildActionMask = 2147483647;
			files = (
				D71634551DAAA84F0034615A /* HelloWorldUITests.swift in Sources */,
			);
			runOnlyForDeploymentPostprocessing = 0;
		};
/* End PBXSourcesBuildPhase section */

/* Begin PBXTargetDependency section */
		D71634471DAAA84F0034615A /* PBXTargetDependency */ = {
			isa = PBXTargetDependency;
			target = D71634301DAAA84F0034615A /* HelloWorld */;
			targetProxy = D71634461DAAA84F0034615A /* PBXContainerItemProxy */;
		};
		D71634521DAAA84F0034615A /* PBXTargetDependency */ = {
			isa = PBXTargetDependency;
			target = D71634301DAAA84F0034615A /* HelloWorld */;
			targetProxy = D71634511DAAA84F0034615A /* PBXContainerItemProxy */;
		};
/* End PBXTargetDependency section */

/* Begin PBXVariantGroup section */
		D71634381DAAA84F0034615A /* Main.storyboard */ = {
			isa = PBXVariantGroup;
			children = (
				D71634391DAAA84F0034615A /* Base */,
			);
			name = Main.storyboard;
			sourceTree = "<group>";
		};
		D716343D1DAAA84F0034615A /* LaunchScreen.storyboard */ = {
			isa = PBXVariantGroup;
			children = (
				D716343E1DAAA84F0034615A /* Base */,
			);
			name = LaunchScreen.storyboard;
			sourceTree = "<group>";
		};
/* End PBXVariantGroup section */

/* Begin XCBuildConfiguration section */
		D71634571DAAA84F0034615A /* Debug */ = {
			isa = XCBuildConfiguration;
			buildSettings = {
				ALWAYS_SEARCH_USER_PATHS = NO;
				CLANG_ANALYZER_NONNULL = YES;
				CLANG_CXX_LANGUAGE_STANDARD = "gnu++0x";
				CLANG_CXX_LIBRARY = "libc++";
				CLANG_ENABLE_MODULES = YES;
				CLANG_ENABLE_OBJC_ARC = YES;
				CLANG_WARN_BOOL_CONVERSION = YES;
				CLANG_WARN_CONSTANT_CONVERSION = YES;
				CLANG_WARN_DIRECT_OBJC_ISA_USAGE = YES_ERROR;
				CLANG_WARN_DOCUMENTATION_COMMENTS = YES;
				CLANG_WARN_EMPTY_BODY = YES;
				CLANG_WARN_ENUM_CONVERSION = YES;
				CLANG_WARN_INFINITE_RECURSION = YES;
				CLANG_WARN_INT_CONVERSION = YES;
				CLANG_WARN_OBJC_ROOT_CLASS = YES_ERROR;
				CLANG_WARN_SUSPICIOUS_MOVES = YES;
				CLANG_WARN_UNREACHABLE_CODE = YES;
				CLANG_WARN__DUPLICATE_METHOD_MATCH = YES;
				"CODE_SIGN_IDENTITY[sdk=iphoneos*]" = "iPhone Developer";
				COPY_PHASE_STRIP = NO;
				DEBUG_INFORMATION_FORMAT = dwarf;
				ENABLE_STRICT_OBJC_MSGSEND = YES;
				ENABLE_TESTABILITY = YES;
				GCC_C_LANGUAGE_STANDARD = gnu99;
				GCC_DYNAMIC_NO_PIC = NO;
				GCC_NO_COMMON_BLOCKS = YES;
				GCC_OPTIMIZATION_LEVEL = 0;
				GCC_PREPROCESSOR_DEFINITIONS = (
					"DEBUG=1",
					"$(inherited)",
				);
				GCC_WARN_64_TO_32_BIT_CONVERSION = YES;
				GCC_WARN_ABOUT_RETURN_TYPE = YES_ERROR;
				GCC_WARN_UNDECLARED_SELECTOR = YES;
				GCC_WARN_UNINITIALIZED_AUTOS = YES_AGGRESSIVE;
				GCC_WARN_UNUSED_FUNCTION = YES;
				GCC_WARN_UNUSED_VARIABLE = YES;
				IPHONEOS_DEPLOYMENT_TARGET = 10.0;
				MTL_ENABLE_DEBUG_INFO = YES;
				ONLY_ACTIVE_ARCH = YES;
				SDKROOT = iphoneos;
				SWIFT_ACTIVE_COMPILATION_CONDITIONS = DEBUG;
				SWIFT_OPTIMIZATION_LEVEL = "-Onone";
			};
			name = Debug;
		};
		D71634581DAAA84F0034615A /* Release */ = {
			isa = XCBuildConfiguration;
			buildSettings = {
				ALWAYS_SEARCH_USER_PATHS = NO;
				CLANG_ANALYZER_NONNULL = YES;
				CLANG_CXX_LANGUAGE_STANDARD = "gnu++0x";
				CLANG_CXX_LIBRARY = "libc++";
				CLANG_ENABLE_MODULES = YES;
				CLANG_ENABLE_OBJC_ARC = YES;
				CLANG_WARN_BOOL_CONVERSION = YES;
				CLANG_WARN_CONSTANT_CONVERSION = YES;
				CLANG_WARN_DIRECT_OBJC_ISA_USAGE = YES_ERROR;
				CLANG_WARN_DOCUMENTATION_COMMENTS = YES;
				CLANG_WARN_EMPTY_BODY = YES;
				CLANG_WARN_ENUM_CONVERSION = YES;
				CLANG_WARN_INFINITE_RECURSION = YES;
				CLANG_WARN_INT_CONVERSION = YES;
				CLANG_WARN_OBJC_ROOT_CLASS = YES_ERROR;
				CLANG_WARN_SUSPICIOUS_MOVES = YES;
				CLANG_WARN_UNREACHABLE_CODE = YES;
				CLANG_WARN__DUPLICATE_METHOD_MATCH = YES;
				"CODE_SIGN_IDENTITY[sdk=iphoneos*]" = "iPhone Developer";
				COPY_PHASE_STRIP = NO;
				DEBUG_INFORMATION_FORMAT = "dwarf-with-dsym";
				ENABLE_NS_ASSERTIONS = NO;
				ENABLE_STRICT_OBJC_MSGSEND = YES;
				GCC_C_LANGUAGE_STANDARD = gnu99;
				GCC_NO_COMMON_BLOCKS = YES;
				GCC_WARN_64_TO_32_BIT_CONVERSION = YES;
				GCC_WARN_ABOUT_RETURN_TYPE = YES_ERROR;
				GCC_WARN_UNDECLARED_SELECTOR = YES;
				GCC_WARN_UNINITIALIZED_AUTOS = YES_AGGRESSIVE;
				GCC_WARN_UNUSED_FUNCTION = YES;
				GCC_WARN_UNUSED_VARIABLE = YES;
				IPHONEOS_DEPLOYMENT_TARGET = 10.0;
				MTL_ENABLE_DEBUG_INFO = NO;
				SDKROOT = iphoneos;
				SWIFT_OPTIMIZATION_LEVEL = "-Owholemodule";
				VALIDATE_PRODUCT = YES;
			};
			name = Release;
		};
		D716345A1DAAA84F0034615A /* Debug */ = {
			isa = XCBuildConfiguration;
			buildSettings = {
				ASSETCATALOG_COMPILER_APPICON_NAME = AppIcon;
				INFOPLIST_FILE = HelloWorld/Info.plist;
				LD_RUNPATH_SEARCH_PATHS = "$(inherited) @executable_path/Frameworks";
				PRODUCT_BUNDLE_IDENTIFIER = lavr.HelloWorld;
				PRODUCT_NAME = "$(TARGET_NAME)";
				SWIFT_VERSION = 3.0;
			};
			name = Debug;
		};
		D716345B1DAAA84F0034615A /* Release */ = {
			isa = XCBuildConfiguration;
			buildSettings = {
				ASSETCATALOG_COMPILER_APPICON_NAME = AppIcon;
				INFOPLIST_FILE = HelloWorld/Info.plist;
				LD_RUNPATH_SEARCH_PATHS = "$(inherited) @executable_path/Frameworks";
				PRODUCT_BUNDLE_IDENTIFIER = lavr.HelloWorld;
				PRODUCT_NAME = "$(TARGET_NAME)";
				SWIFT_VERSION = 3.0;
			};
			name = Release;
		};
		D716345D1DAAA84F0034615A /* Debug */ = {
			isa = XCBuildConfiguration;
			buildSettings = {
				ALWAYS_EMBED_SWIFT_STANDARD_LIBRARIES = YES;
				BUNDLE_LOADER = "$(TEST_HOST)";
				INFOPLIST_FILE = HelloWorldTests/Info.plist;
				LD_RUNPATH_SEARCH_PATHS = "$(inherited) @executable_path/Frameworks @loader_path/Frameworks";
				PRODUCT_BUNDLE_IDENTIFIER = lavr.HelloWorldTests;
				PRODUCT_NAME = "$(TARGET_NAME)";
				SWIFT_VERSION = 3.0;
				TEST_HOST = "$(BUILT_PRODUCTS_DIR)/HelloWorld.app/HelloWorld";
			};
			name = Debug;
		};
		D716345E1DAAA84F0034615A /* Release */ = {
			isa = XCBuildConfiguration;
			buildSettings = {
				ALWAYS_EMBED_SWIFT_STANDARD_LIBRARIES = YES;
				BUNDLE_LOADER = "$(TEST_HOST)";
				INFOPLIST_FILE = HelloWorldTests/Info.plist;
				LD_RUNPATH_SEARCH_PATHS = "$(inherited) @executable_path/Frameworks @loader_path/Frameworks";
				PRODUCT_BUNDLE_IDENTIFIER = lavr.HelloWorldTests;
				PRODUCT_NAME = "$(TARGET_NAME)";
				SWIFT_VERSION = 3.0;
				TEST_HOST = "$(BUILT_PRODUCTS_DIR)/HelloWorld.app/HelloWorld";
			};
			name = Release;
		};
		D71634601DAAA84F0034615A /* Debug */ = {
			isa = XCBuildConfiguration;
			buildSettings = {
				ALWAYS_EMBED_SWIFT_STANDARD_LIBRARIES = YES;
				INFOPLIST_FILE = HelloWorldUITests/Info.plist;
				LD_RUNPATH_SEARCH_PATHS = "$(inherited) @executable_path/Frameworks @loader_path/Frameworks";
				PRODUCT_BUNDLE_IDENTIFIER = lavr.HelloWorldUITests;
				PRODUCT_NAME = "$(TARGET_NAME)";
				SWIFT_VERSION = 3.0;
				TEST_TARGET_NAME = HelloWorld;
			};
			name = Debug;
		};
		D71634611DAAA84F0034615A /* Release */ = {
			isa = XCBuildConfiguration;
			buildSettings = {
				ALWAYS_EMBED_SWIFT_STANDARD_LIBRARIES = YES;
				INFOPLIST_FILE = HelloWorldUITests/Info.plist;
				LD_RUNPATH_SEARCH_PATHS = "$(inherited) @executable_path/Frameworks @loader_path/Frameworks";
				PRODUCT_BUNDLE_IDENTIFIER = lavr.HelloWorldUITests;
				PRODUCT_NAME = "$(TARGET_NAME)";
				SWIFT_VERSION = 3.0;
				TEST_TARGET_NAME = HelloWorld;
			};
			name = Release;
		};
/* End XCBuildConfiguration section */

/* Begin XCConfigurationList section */
		D716342C1DAAA84F0034615A /* Build configuration list for PBXProject "HelloWorld" */ = {
			isa = XCConfigurationList;
			buildConfigurations = (
				D71634571DAAA84F0034615A /* Debug */,
				D71634581DAAA84F0034615A /* Release */,
			);
			defaultConfigurationIsVisible = 0;
			defaultConfigurationName = Release;
		};
		D71634591DAAA84F0034615A /* Build configuration list for PBXNativeTarget "HelloWorld" */ = {
			isa = XCConfigurationList;
			buildConfigurations = (
				D716345A1DAAA84F0034615A /* Debug */,
				D716345B1DAAA84F0034615A /* Release */,
			);
			defaultConfigurationIsVisible = 0;
		};
		D716345C1DAAA84F0034615A /* Build configuration list for PBXNativeTarget "HelloWorldTests" */ = {
			isa = XCConfigurationList;
			buildConfigurations = (
				D716345D1DAAA84F0034615A /* Debug */,
				D716345E1DAAA84F0034615A /* Release */,
			);
			defaultConfigurationIsVisible = 0;
		};
		D716345F1DAAA84F0034615A /* Build configuration list for PBXNativeTarget "HelloWorldUITests" */ = {
			isa = XCConfigurationList;
			buildConfigurations = (
				D71634601DAAA84F0034615A /* Debug */,
				D71634611DAAA84F0034615A /* Release */,
			);
			defaultConfigurationIsVisible = 0;
		};
/* End XCConfigurationList section */
	};
	rootObject = D71634291DAAA84F0034615A /* Project object */;
}
