// !$*UTF8*$!
{
	archiveVersion = 1;
	classes = {
	};
	objectVersion = 46;
	objects = {

/* Begin PBXBuildFile section */
		D7BFDA3E1DAD5F6D00A460B0 /* OpenViewC.swift in Sources */ = {isa = PBXBuildFile; fileRef = D7BFDA3D1DAD5F6D00A460B0 /* OpenViewC.swift */; };
		D7E198F31DAD529200DC0447 /* AppDelegate.swift in Sources */ = {isa = PBXBuildFile; fileRef = D7E198F21DAD529200DC0447 /* AppDelegate.swift */; };
		D7E198F51DAD529200DC0447 /* ListC.swift in Sources */ = {isa = PBXBuildFile; fileRef = D7E198F41DAD529200DC0447 /* ListC.swift */; };
		D7E198F81DAD529200DC0447 /* Main.storyboard in Resources */ = {isa = PBXBuildFile; fileRef = D7E198F61DAD529200DC0447 /* Main.storyboard */; };
		D7E198FA1DAD529200DC0447 /* Assets.xcassets in Resources */ = {isa = PBXBuildFile; fileRef = D7E198F91DAD529200DC0447 /* Assets.xcassets */; };
		D7E198FD1DAD529200DC0447 /* LaunchScreen.storyboard in Resources */ = {isa = PBXBuildFile; fileRef = D7E198FB1DAD529200DC0447 /* LaunchScreen.storyboard */; };
		D7E199081DAD529200DC0447 /* tableViewTests.swift in Sources */ = {isa = PBXBuildFile; fileRef = D7E199071DAD529200DC0447 /* tableViewTests.swift */; };
		D7E199131DAD529200DC0447 /* tableViewUITests.swift in Sources */ = {isa = PBXBuildFile; fileRef = D7E199121DAD529200DC0447 /* tableViewUITests.swift */; };
/* End PBXBuildFile section */

/* Begin PBXContainerItemProxy section */
		D7E199041DAD529200DC0447 /* PBXContainerItemProxy */ = {
			isa = PBXContainerItemProxy;
			containerPortal = D7E198E71DAD529200DC0447 /* Project object */;
			proxyType = 1;
			remoteGlobalIDString = D7E198EE1DAD529200DC0447;
			remoteInfo = tableView;
		};
		D7E1990F1DAD529200DC0447 /* PBXContainerItemProxy */ = {
			isa = PBXContainerItemProxy;
			containerPortal = D7E198E71DAD529200DC0447 /* Project object */;
			proxyType = 1;
			remoteGlobalIDString = D7E198EE1DAD529200DC0447;
			remoteInfo = tableView;
		};
/* End PBXContainerItemProxy section */

/* Begin PBXFileReference section */
		D7BFDA3D1DAD5F6D00A460B0 /* OpenViewC.swift */ = {isa = PBXFileReference; fileEncoding = 4; lastKnownFileType = sourcecode.swift; path = OpenViewC.swift; sourceTree = "<group>"; };
		D7E198EF1DAD529200DC0447 /* tableView.app */ = {isa = PBXFileReference; explicitFileType = wrapper.application; includeInIndex = 0; path = tableView.app; sourceTree = BUILT_PRODUCTS_DIR; };
		D7E198F21DAD529200DC0447 /* AppDelegate.swift */ = {isa = PBXFileReference; lastKnownFileType = sourcecode.swift; path = AppDelegate.swift; sourceTree = "<group>"; };
		D7E198F41DAD529200DC0447 /* ListC.swift */ = {isa = PBXFileReference; lastKnownFileType = sourcecode.swift; path = ListC.swift; sourceTree = "<group>"; };
		D7E198F71DAD529200DC0447 /* Base */ = {isa = PBXFileReference; lastKnownFileType = file.storyboard; name = Base; path = Base.lproj/Main.storyboard; sourceTree = "<group>"; };
		D7E198F91DAD529200DC0447 /* Assets.xcassets */ = {isa = PBXFileReference; lastKnownFileType = folder.assetcatalog; path = Assets.xcassets; sourceTree = "<group>"; };
		D7E198FC1DAD529200DC0447 /* Base */ = {isa = PBXFileReference; lastKnownFileType = file.storyboard; name = Base; path = Base.lproj/LaunchScreen.storyboard; sourceTree = "<group>"; };
		D7E198FE1DAD529200DC0447 /* Info.plist */ = {isa = PBXFileReference; lastKnownFileType = text.plist.xml; path = Info.plist; sourceTree = "<group>"; };
		D7E199031DAD529200DC0447 /* tableViewTests.xctest */ = {isa = PBXFileReference; explicitFileType = wrapper.cfbundle; includeInIndex = 0; path = tableViewTests.xctest; sourceTree = BUILT_PRODUCTS_DIR; };
		D7E199071DAD529200DC0447 /* tableViewTests.swift */ = {isa = PBXFileReference; lastKnownFileType = sourcecode.swift; path = tableViewTests.swift; sourceTree = "<group>"; };
		D7E199091DAD529200DC0447 /* Info.plist */ = {isa = PBXFileReference; lastKnownFileType = text.plist.xml; path = Info.plist; sourceTree = "<group>"; };
		D7E1990E1DAD529200DC0447 /* tableViewUITests.xctest */ = {isa = PBXFileReference; explicitFileType = wrapper.cfbundle; includeInIndex = 0; path = tableViewUITests.xctest; sourceTree = BUILT_PRODUCTS_DIR; };
		D7E199121DAD529200DC0447 /* tableViewUITests.swift */ = {isa = PBXFileReference; lastKnownFileType = sourcecode.swift; path = tableViewUITests.swift; sourceTree = "<group>"; };
		D7E199141DAD529200DC0447 /* Info.plist */ = {isa = PBXFileReference; lastKnownFileType = text.plist.xml; path = Info.plist; sourceTree = "<group>"; };
/* End PBXFileReference section */

/* Begin PBXFrameworksBuildPhase section */
		D7E198EC1DAD529200DC0447 /* Frameworks */ = {
			isa = PBXFrameworksBuildPhase;
			buildActionMask = 2147483647;
			files = (
			);
			runOnlyForDeploymentPostprocessing = 0;
		};
		D7E199001DAD529200DC0447 /* Frameworks */ = {
			isa = PBXFrameworksBuildPhase;
			buildActionMask = 2147483647;
			files = (
			);
			runOnlyForDeploymentPostprocessing = 0;
		};
		D7E1990B1DAD529200DC0447 /* Frameworks */ = {
			isa = PBXFrameworksBuildPhase;
			buildActionMask = 2147483647;
			files = (
			);
			runOnlyForDeploymentPostprocessing = 0;
		};
/* End PBXFrameworksBuildPhase section */

/* Begin PBXGroup section */
		D7E198E61DAD529200DC0447 = {
			isa = PBXGroup;
			children = (
				D7E198F11DAD529200DC0447 /* tableView */,
				D7E199061DAD529200DC0447 /* tableViewTests */,
				D7E199111DAD529200DC0447 /* tableViewUITests */,
				D7E198F01DAD529200DC0447 /* Products */,
			);
			sourceTree = "<group>";
		};
		D7E198F01DAD529200DC0447 /* Products */ = {
			isa = PBXGroup;
			children = (
				D7E198EF1DAD529200DC0447 /* tableView.app */,
				D7E199031DAD529200DC0447 /* tableViewTests.xctest */,
				D7E1990E1DAD529200DC0447 /* tableViewUITests.xctest */,
			);
			name = Products;
			sourceTree = "<group>";
		};
		D7E198F11DAD529200DC0447 /* tableView */ = {
			isa = PBXGroup;
			children = (
				D7E198F21DAD529200DC0447 /* AppDelegate.swift */,
				D7E198F41DAD529200DC0447 /* ListC.swift */,
				D7BFDA3D1DAD5F6D00A460B0 /* OpenViewC.swift */,
				D7E198F61DAD529200DC0447 /* Main.storyboard */,
				D7E198F91DAD529200DC0447 /* Assets.xcassets */,
				D7E198FB1DAD529200DC0447 /* LaunchScreen.storyboard */,
				D7E198FE1DAD529200DC0447 /* Info.plist */,
			);
			path = tableView;
			sourceTree = "<group>";
		};
		D7E199061DAD529200DC0447 /* tableViewTests */ = {
			isa = PBXGroup;
			children = (
				D7E199071DAD529200DC0447 /* tableViewTests.swift */,
				D7E199091DAD529200DC0447 /* Info.plist */,
			);
			path = tableViewTests;
			sourceTree = "<group>";
		};
		D7E199111DAD529200DC0447 /* tableViewUITests */ = {
			isa = PBXGroup;
			children = (
				D7E199121DAD529200DC0447 /* tableViewUITests.swift */,
				D7E199141DAD529200DC0447 /* Info.plist */,
			);
			path = tableViewUITests;
			sourceTree = "<group>";
		};
/* End PBXGroup section */

/* Begin PBXNativeTarget section */
		D7E198EE1DAD529200DC0447 /* tableView */ = {
			isa = PBXNativeTarget;
			buildConfigurationList = D7E199171DAD529200DC0447 /* Build configuration list for PBXNativeTarget "tableView" */;
			buildPhases = (
				D7E198EB1DAD529200DC0447 /* Sources */,
				D7E198EC1DAD529200DC0447 /* Frameworks */,
				D7E198ED1DAD529200DC0447 /* Resources */,
			);
			buildRules = (
			);
			dependencies = (
			);
			name = tableView;
			productName = tableView;
			productReference = D7E198EF1DAD529200DC0447 /* tableView.app */;
			productType = "com.apple.product-type.application";
		};
		D7E199021DAD529200DC0447 /* tableViewTests */ = {
			isa = PBXNativeTarget;
			buildConfigurationList = D7E1991A1DAD529200DC0447 /* Build configuration list for PBXNativeTarget "tableViewTests" */;
			buildPhases = (
				D7E198FF1DAD529200DC0447 /* Sources */,
				D7E199001DAD529200DC0447 /* Frameworks */,
				D7E199011DAD529200DC0447 /* Resources */,
			);
			buildRules = (
			);
			dependencies = (
				D7E199051DAD529200DC0447 /* PBXTargetDependency */,
			);
			name = tableViewTests;
			productName = tableViewTests;
			productReference = D7E199031DAD529200DC0447 /* tableViewTests.xctest */;
			productType = "com.apple.product-type.bundle.unit-test";
		};
		D7E1990D1DAD529200DC0447 /* tableViewUITests */ = {
			isa = PBXNativeTarget;
			buildConfigurationList = D7E1991D1DAD529200DC0447 /* Build configuration list for PBXNativeTarget "tableViewUITests" */;
			buildPhases = (
				D7E1990A1DAD529200DC0447 /* Sources */,
				D7E1990B1DAD529200DC0447 /* Frameworks */,
				D7E1990C1DAD529200DC0447 /* Resources */,
			);
			buildRules = (
			);
			dependencies = (
				D7E199101DAD529200DC0447 /* PBXTargetDependency */,
			);
			name = tableViewUITests;
			productName = tableViewUITests;
			productReference = D7E1990E1DAD529200DC0447 /* tableViewUITests.xctest */;
			productType = "com.apple.product-type.bundle.ui-testing";
		};
/* End PBXNativeTarget section */

/* Begin PBXProject section */
		D7E198E71DAD529200DC0447 /* Project object */ = {
			isa = PBXProject;
			attributes = {
				LastSwiftUpdateCheck = 0800;
				LastUpgradeCheck = 0800;
				ORGANIZATIONNAME = lavr;
				TargetAttributes = {
					D7E198EE1DAD529200DC0447 = {
						CreatedOnToolsVersion = 8.0;
						DevelopmentTeam = 6L8TXYLGA7;
						ProvisioningStyle = Automatic;
					};
					D7E199021DAD529200DC0447 = {
						CreatedOnToolsVersion = 8.0;
						DevelopmentTeam = 6L8TXYLGA7;
						ProvisioningStyle = Automatic;
						TestTargetID = D7E198EE1DAD529200DC0447;
					};
					D7E1990D1DAD529200DC0447 = {
						CreatedOnToolsVersion = 8.0;
						DevelopmentTeam = 6L8TXYLGA7;
						ProvisioningStyle = Automatic;
						TestTargetID = D7E198EE1DAD529200DC0447;
					};
				};
			};
			buildConfigurationList = D7E198EA1DAD529200DC0447 /* Build configuration list for PBXProject "tableView" */;
			compatibilityVersion = "Xcode 3.2";
			developmentRegion = English;
			hasScannedForEncodings = 0;
			knownRegions = (
				en,
				Base,
			);
			mainGroup = D7E198E61DAD529200DC0447;
			productRefGroup = D7E198F01DAD529200DC0447 /* Products */;
			projectDirPath = "";
			projectRoot = "";
			targets = (
				D7E198EE1DAD529200DC0447 /* tableView */,
				D7E199021DAD529200DC0447 /* tableViewTests */,
				D7E1990D1DAD529200DC0447 /* tableViewUITests */,
			);
		};
/* End PBXProject section */

/* Begin PBXResourcesBuildPhase section */
		D7E198ED1DAD529200DC0447 /* Resources */ = {
			isa = PBXResourcesBuildPhase;
			buildActionMask = 2147483647;
			files = (
				D7E198FD1DAD529200DC0447 /* LaunchScreen.storyboard in Resources */,
				D7E198FA1DAD529200DC0447 /* Assets.xcassets in Resources */,
				D7E198F81DAD529200DC0447 /* Main.storyboard in Resources */,
			);
			runOnlyForDeploymentPostprocessing = 0;
		};
		D7E199011DAD529200DC0447 /* Resources */ = {
			isa = PBXResourcesBuildPhase;
			buildActionMask = 2147483647;
			files = (
			);
			runOnlyForDeploymentPostprocessing = 0;
		};
		D7E1990C1DAD529200DC0447 /* Resources */ = {
			isa = PBXResourcesBuildPhase;
			buildActionMask = 2147483647;
			files = (
			);
			runOnlyForDeploymentPostprocessing = 0;
		};
/* End PBXResourcesBuildPhase section */

/* Begin PBXSourcesBuildPhase section */
		D7E198EB1DAD529200DC0447 /* Sources */ = {
			isa = PBXSourcesBuildPhase;
			buildActionMask = 2147483647;
			files = (
				D7E198F51DAD529200DC0447 /* ListC.swift in Sources */,
				D7E198F31DAD529200DC0447 /* AppDelegate.swift in Sources */,
				D7BFDA3E1DAD5F6D00A460B0 /* OpenViewC.swift in Sources */,
			);
			runOnlyForDeploymentPostprocessing = 0;
		};
		D7E198FF1DAD529200DC0447 /* Sources */ = {
			isa = PBXSourcesBuildPhase;
			buildActionMask = 2147483647;
			files = (
				D7E199081DAD529200DC0447 /* tableViewTests.swift in Sources */,
			);
			runOnlyForDeploymentPostprocessing = 0;
		};
		D7E1990A1DAD529200DC0447 /* Sources */ = {
			isa = PBXSourcesBuildPhase;
			buildActionMask = 2147483647;
			files = (
				D7E199131DAD529200DC0447 /* tableViewUITests.swift in Sources */,
			);
			runOnlyForDeploymentPostprocessing = 0;
		};
/* End PBXSourcesBuildPhase section */

/* Begin PBXTargetDependency section */
		D7E199051DAD529200DC0447 /* PBXTargetDependency */ = {
			isa = PBXTargetDependency;
			target = D7E198EE1DAD529200DC0447 /* tableView */;
			targetProxy = D7E199041DAD529200DC0447 /* PBXContainerItemProxy */;
		};
		D7E199101DAD529200DC0447 /* PBXTargetDependency */ = {
			isa = PBXTargetDependency;
			target = D7E198EE1DAD529200DC0447 /* tableView */;
			targetProxy = D7E1990F1DAD529200DC0447 /* PBXContainerItemProxy */;
		};
/* End PBXTargetDependency section */

/* Begin PBXVariantGroup section */
		D7E198F61DAD529200DC0447 /* Main.storyboard */ = {
			isa = PBXVariantGroup;
			children = (
				D7E198F71DAD529200DC0447 /* Base */,
			);
			name = Main.storyboard;
			sourceTree = "<group>";
		};
		D7E198FB1DAD529200DC0447 /* LaunchScreen.storyboard */ = {
			isa = PBXVariantGroup;
			children = (
				D7E198FC1DAD529200DC0447 /* Base */,
			);
			name = LaunchScreen.storyboard;
			sourceTree = "<group>";
		};
/* End PBXVariantGroup section */

/* Begin XCBuildConfiguration section */
		D7E199151DAD529200DC0447 /* Debug */ = {
			isa = XCBuildConfiguration;
			buildSettings = {
				ALWAYS_SEARCH_USER_PATHS = NO;
				CLANG_ANALYZER_NONNULL = YES;
				CLANG_CXX_LANGUAGE_STANDARD = "gnu++0x";
				CLANG_CXX_LIBRARY = "libc++";
				CLANG_ENABLE_MODULES = YES;
				CLANG_ENABLE_OBJC_ARC = YES;
				CLANG_WARN_BOOL_CONVERSION = YES;
				CLANG_WARN_CONSTANT_CONVERSION = YES;
				CLANG_WARN_DIRECT_OBJC_ISA_USAGE = YES_ERROR;
				CLANG_WARN_DOCUMENTATION_COMMENTS = YES;
				CLANG_WARN_EMPTY_BODY = YES;
				CLANG_WARN_ENUM_CONVERSION = YES;
				CLANG_WARN_INFINITE_RECURSION = YES;
				CLANG_WARN_INT_CONVERSION = YES;
				CLANG_WARN_OBJC_ROOT_CLASS = YES_ERROR;
				CLANG_WARN_SUSPICIOUS_MOVES = YES;
				CLANG_WARN_UNREACHABLE_CODE = YES;
				CLANG_WARN__DUPLICATE_METHOD_MATCH = YES;
				"CODE_SIGN_IDENTITY[sdk=iphoneos*]" = "iPhone Developer";
				COPY_PHASE_STRIP = NO;
				DEBUG_INFORMATION_FORMAT = dwarf;
				ENABLE_STRICT_OBJC_MSGSEND = YES;
				ENABLE_TESTABILITY = YES;
				GCC_C_LANGUAGE_STANDARD = gnu99;
				GCC_DYNAMIC_NO_PIC = NO;
				GCC_NO_COMMON_BLOCKS = YES;
				GCC_OPTIMIZATION_LEVEL = 0;
				GCC_PREPROCESSOR_DEFINITIONS = (
					"DEBUG=1",
					"$(inherited)",
				);
				GCC_WARN_64_TO_32_BIT_CONVERSION = YES;
				GCC_WARN_ABOUT_RETURN_TYPE = YES_ERROR;
				GCC_WARN_UNDECLARED_SELECTOR = YES;
				GCC_WARN_UNINITIALIZED_AUTOS = YES_AGGRESSIVE;
				GCC_WARN_UNUSED_FUNCTION = YES;
				GCC_WARN_UNUSED_VARIABLE = YES;
				IPHONEOS_DEPLOYMENT_TARGET = 10.0;
				MTL_ENABLE_DEBUG_INFO = YES;
				ONLY_ACTIVE_ARCH = YES;
				SDKROOT = iphoneos;
				SWIFT_ACTIVE_COMPILATION_CONDITIONS = DEBUG;
				SWIFT_OPTIMIZATION_LEVEL = "-Onone";
			};
			name = Debug;
		};
		D7E199161DAD529200DC0447 /* Release */ = {
			isa = XCBuildConfiguration;
			buildSettings = {
				ALWAYS_SEARCH_USER_PATHS = NO;
				CLANG_ANALYZER_NONNULL = YES;
				CLANG_CXX_LANGUAGE_STANDARD = "gnu++0x";
				CLANG_CXX_LIBRARY = "libc++";
				CLANG_ENABLE_MODULES = YES;
				CLANG_ENABLE_OBJC_ARC = YES;
				CLANG_WARN_BOOL_CONVERSION = YES;
				CLANG_WARN_CONSTANT_CONVERSION = YES;
				CLANG_WARN_DIRECT_OBJC_ISA_USAGE = YES_ERROR;
				CLANG_WARN_DOCUMENTATION_COMMENTS = YES;
				CLANG_WARN_EMPTY_BODY = YES;
				CLANG_WARN_ENUM_CONVERSION = YES;
				CLANG_WARN_INFINITE_RECURSION = YES;
				CLANG_WARN_INT_CONVERSION = YES;
				CLANG_WARN_OBJC_ROOT_CLASS = YES_ERROR;
				CLANG_WARN_SUSPICIOUS_MOVES = YES;
				CLANG_WARN_UNREACHABLE_CODE = YES;
				CLANG_WARN__DUPLICATE_METHOD_MATCH = YES;
				"CODE_SIGN_IDENTITY[sdk=iphoneos*]" = "iPhone Developer";
				COPY_PHASE_STRIP = NO;
				DEBUG_INFORMATION_FORMAT = "dwarf-with-dsym";
				ENABLE_NS_ASSERTIONS = NO;
				ENABLE_STRICT_OBJC_MSGSEND = YES;
				GCC_C_LANGUAGE_STANDARD = gnu99;
				GCC_NO_COMMON_BLOCKS = YES;
				GCC_WARN_64_TO_32_BIT_CONVERSION = YES;
				GCC_WARN_ABOUT_RETURN_TYPE = YES_ERROR;
				GCC_WARN_UNDECLARED_SELECTOR = YES;
				GCC_WARN_UNINITIALIZED_AUTOS = YES_AGGRESSIVE;
				GCC_WARN_UNUSED_FUNCTION = YES;
				GCC_WARN_UNUSED_VARIABLE = YES;
				IPHONEOS_DEPLOYMENT_TARGET = 10.0;
				MTL_ENABLE_DEBUG_INFO = NO;
				SDKROOT = iphoneos;
				SWIFT_OPTIMIZATION_LEVEL = "-Owholemodule";
				VALIDATE_PRODUCT = YES;
			};
			name = Release;
		};
		D7E199181DAD529200DC0447 /* Debug */ = {
			isa = XCBuildConfiguration;
			buildSettings = {
				ASSETCATALOG_COMPILER_APPICON_NAME = AppIcon;
				DEVELOPMENT_TEAM = 6L8TXYLGA7;
				INFOPLIST_FILE = tableView/Info.plist;
				LD_RUNPATH_SEARCH_PATHS = "$(inherited) @executable_path/Frameworks";
				PRODUCT_BUNDLE_IDENTIFIER = lavr.tableView;
				PRODUCT_NAME = "$(TARGET_NAME)";
				SWIFT_VERSION = 3.0;
			};
			name = Debug;
		};
		D7E199191DAD529200DC0447 /* Release */ = {
			isa = XCBuildConfiguration;
			buildSettings = {
				ASSETCATALOG_COMPILER_APPICON_NAME = AppIcon;
				DEVELOPMENT_TEAM = 6L8TXYLGA7;
				INFOPLIST_FILE = tableView/Info.plist;
				LD_RUNPATH_SEARCH_PATHS = "$(inherited) @executable_path/Frameworks";
				PRODUCT_BUNDLE_IDENTIFIER = lavr.tableView;
				PRODUCT_NAME = "$(TARGET_NAME)";
				SWIFT_VERSION = 3.0;
			};
			name = Release;
		};
		D7E1991B1DAD529200DC0447 /* Debug */ = {
			isa = XCBuildConfiguration;
			buildSettings = {
				ALWAYS_EMBED_SWIFT_STANDARD_LIBRARIES = YES;
				BUNDLE_LOADER = "$(TEST_HOST)";
				DEVELOPMENT_TEAM = 6L8TXYLGA7;
				INFOPLIST_FILE = tableViewTests/Info.plist;
				LD_RUNPATH_SEARCH_PATHS = "$(inherited) @executable_path/Frameworks @loader_path/Frameworks";
				PRODUCT_BUNDLE_IDENTIFIER = lavr.tableViewTests;
				PRODUCT_NAME = "$(TARGET_NAME)";
				SWIFT_VERSION = 3.0;
				TEST_HOST = "$(BUILT_PRODUCTS_DIR)/tableView.app/tableView";
			};
			name = Debug;
		};
		D7E1991C1DAD529200DC0447 /* Release */ = {
			isa = XCBuildConfiguration;
			buildSettings = {
				ALWAYS_EMBED_SWIFT_STANDARD_LIBRARIES = YES;
				BUNDLE_LOADER = "$(TEST_HOST)";
				DEVELOPMENT_TEAM = 6L8TXYLGA7;
				INFOPLIST_FILE = tableViewTests/Info.plist;
				LD_RUNPATH_SEARCH_PATHS = "$(inherited) @executable_path/Frameworks @loader_path/Frameworks";
				PRODUCT_BUNDLE_IDENTIFIER = lavr.tableViewTests;
				PRODUCT_NAME = "$(TARGET_NAME)";
				SWIFT_VERSION = 3.0;
				TEST_HOST = "$(BUILT_PRODUCTS_DIR)/tableView.app/tableView";
			};
			name = Release;
		};
		D7E1991E1DAD529200DC0447 /* Debug */ = {
			isa = XCBuildConfiguration;
			buildSettings = {
				ALWAYS_EMBED_SWIFT_STANDARD_LIBRARIES = YES;
				DEVELOPMENT_TEAM = 6L8TXYLGA7;
				INFOPLIST_FILE = tableViewUITests/Info.plist;
				LD_RUNPATH_SEARCH_PATHS = "$(inherited) @executable_path/Frameworks @loader_path/Frameworks";
				PRODUCT_BUNDLE_IDENTIFIER = lavr.tableViewUITests;
				PRODUCT_NAME = "$(TARGET_NAME)";
				SWIFT_VERSION = 3.0;
				TEST_TARGET_NAME = tableView;
			};
			name = Debug;
		};
		D7E1991F1DAD529200DC0447 /* Release */ = {
			isa = XCBuildConfiguration;
			buildSettings = {
				ALWAYS_EMBED_SWIFT_STANDARD_LIBRARIES = YES;
				DEVELOPMENT_TEAM = 6L8TXYLGA7;
				INFOPLIST_FILE = tableViewUITests/Info.plist;
				LD_RUNPATH_SEARCH_PATHS = "$(inherited) @executable_path/Frameworks @loader_path/Frameworks";
				PRODUCT_BUNDLE_IDENTIFIER = lavr.tableViewUITests;
				PRODUCT_NAME = "$(TARGET_NAME)";
				SWIFT_VERSION = 3.0;
				TEST_TARGET_NAME = tableView;
			};
			name = Release;
		};
/* End XCBuildConfiguration section */

/* Begin XCConfigurationList section */
		D7E198EA1DAD529200DC0447 /* Build configuration list for PBXProject "tableView" */ = {
			isa = XCConfigurationList;
			buildConfigurations = (
				D7E199151DAD529200DC0447 /* Debug */,
				D7E199161DAD529200DC0447 /* Release */,
			);
			defaultConfigurationIsVisible = 0;
			defaultConfigurationName = Release;
		};
		D7E199171DAD529200DC0447 /* Build configuration list for PBXNativeTarget "tableView" */ = {
			isa = XCConfigurationList;
			buildConfigurations = (
				D7E199181DAD529200DC0447 /* Debug */,
				D7E199191DAD529200DC0447 /* Release */,
			);
			defaultConfigurationIsVisible = 0;
			defaultConfigurationName = Release;
		};
		D7E1991A1DAD529200DC0447 /* Build configuration list for PBXNativeTarget "tableViewTests" */ = {
			isa = XCConfigurationList;
			buildConfigurations = (
				D7E1991B1DAD529200DC0447 /* Debug */,
				D7E1991C1DAD529200DC0447 /* Release */,
			);
			defaultConfigurationIsVisible = 0;
			defaultConfigurationName = Release;
		};
		D7E1991D1DAD529200DC0447 /* Build configuration list for PBXNativeTarget "tableViewUITests" */ = {
			isa = XCConfigurationList;
			buildConfigurations = (
				D7E1991E1DAD529200DC0447 /* Debug */,
				D7E1991F1DAD529200DC0447 /* Release */,
			);
			defaultConfigurationIsVisible = 0;
			defaultConfigurationName = Release;
		};
/* End XCConfigurationList section */
	};
	rootObject = D7E198E71DAD529200DC0447 /* Project object */;
}
