// !$*UTF8*$!
{
	archiveVersion = 1;
	classes = {
	};
	objectVersion = 46;
	objects = {

/* Begin PBXBuildFile section */
		D76E43E51DE1E7D600FC8CC5 /* AppDelegate.swift in Sources */ = {isa = PBXBuildFile; fileRef = D76E43E41DE1E7D600FC8CC5 /* AppDelegate.swift */; };
		D76E43E71DE1E7D600FC8CC5 /* ViewController.swift in Sources */ = {isa = PBXBuildFile; fileRef = D76E43E61DE1E7D600FC8CC5 /* ViewController.swift */; };
		D76E43EA1DE1E7D600FC8CC5 /* Main.storyboard in Resources */ = {isa = PBXBuildFile; fileRef = D76E43E81DE1E7D600FC8CC5 /* Main.storyboard */; };
		D76E43EC1DE1E7D600FC8CC5 /* Assets.xcassets in Resources */ = {isa = PBXBuildFile; fileRef = D76E43EB1DE1E7D600FC8CC5 /* Assets.xcassets */; };
		D76E43EF1DE1E7D600FC8CC5 /* LaunchScreen.storyboard in Resources */ = {isa = PBXBuildFile; fileRef = D76E43ED1DE1E7D600FC8CC5 /* LaunchScreen.storyboard */; };
		D7E57FDE1DE1E829007A9CF8 /* board.png in Resources */ = {isa = PBXBuildFile; fileRef = D7E57FDB1DE1E829007A9CF8 /* board.png */; };
		D7E57FDF1DE1E829007A9CF8 /* cross.png in Resources */ = {isa = PBXBuildFile; fileRef = D7E57FDC1DE1E829007A9CF8 /* cross.png */; };
		D7E57FE01DE1E829007A9CF8 /* nought.png in Resources */ = {isa = PBXBuildFile; fileRef = D7E57FDD1DE1E829007A9CF8 /* nought.png */; };
/* End PBXBuildFile section */

/* Begin PBXFileReference section */
		D76E43E11DE1E7D600FC8CC5 /* TicTacToeGame.app */ = {isa = PBXFileReference; explicitFileType = wrapper.application; includeInIndex = 0; path = TicTacToeGame.app; sourceTree = BUILT_PRODUCTS_DIR; };
		D76E43E41DE1E7D600FC8CC5 /* AppDelegate.swift */ = {isa = PBXFileReference; lastKnownFileType = sourcecode.swift; path = AppDelegate.swift; sourceTree = "<group>"; };
		D76E43E61DE1E7D600FC8CC5 /* ViewController.swift */ = {isa = PBXFileReference; lastKnownFileType = sourcecode.swift; path = ViewController.swift; sourceTree = "<group>"; };
		D76E43E91DE1E7D600FC8CC5 /* Base */ = {isa = PBXFileReference; lastKnownFileType = file.storyboard; name = Base; path = Base.lproj/Main.storyboard; sourceTree = "<group>"; };
		D76E43EB1DE1E7D600FC8CC5 /* Assets.xcassets */ = {isa = PBXFileReference; lastKnownFileType = folder.assetcatalog; path = Assets.xcassets; sourceTree = "<group>"; };
		D76E43EE1DE1E7D600FC8CC5 /* Base */ = {isa = PBXFileReference; lastKnownFileType = file.storyboard; name = Base; path = Base.lproj/LaunchScreen.storyboard; sourceTree = "<group>"; };
		D76E43F01DE1E7D600FC8CC5 /* Info.plist */ = {isa = PBXFileReference; lastKnownFileType = text.plist.xml; path = Info.plist; sourceTree = "<group>"; };
		D7E57FDB1DE1E829007A9CF8 /* board.png */ = {isa = PBXFileReference; lastKnownFileType = image.png; path = board.png; sourceTree = "<group>"; };
		D7E57FDC1DE1E829007A9CF8 /* cross.png */ = {isa = PBXFileReference; lastKnownFileType = image.png; path = cross.png; sourceTree = "<group>"; };
		D7E57FDD1DE1E829007A9CF8 /* nought.png */ = {isa = PBXFileReference; lastKnownFileType = image.png; path = nought.png; sourceTree = "<group>"; };
/* End PBXFileReference section */

/* Begin PBXFrameworksBuildPhase section */
		D76E43DE1DE1E7D600FC8CC5 /* Frameworks */ = {
			isa = PBXFrameworksBuildPhase;
			buildActionMask = 2147483647;
			files = (
			);
			runOnlyForDeploymentPostprocessing = 0;
		};
/* End PBXFrameworksBuildPhase section */

/* Begin PBXGroup section */
		D76E43D81DE1E7D600FC8CC5 = {
			isa = PBXGroup;
			children = (
				D76E43E31DE1E7D600FC8CC5 /* TicTacToeGame */,
				D76E43E21DE1E7D600FC8CC5 /* Products */,
			);
			sourceTree = "<group>";
		};
		D76E43E21DE1E7D600FC8CC5 /* Products */ = {
			isa = PBXGroup;
			children = (
				D76E43E11DE1E7D600FC8CC5 /* TicTacToeGame.app */,
			);
			name = Products;
			sourceTree = "<group>";
		};
		D76E43E31DE1E7D600FC8CC5 /* TicTacToeGame */ = {
			isa = PBXGroup;
			children = (
				D76E43F61DE1E80C00FC8CC5 /* images */,
				D76E43E41DE1E7D600FC8CC5 /* AppDelegate.swift */,
				D76E43E61DE1E7D600FC8CC5 /* ViewController.swift */,
				D76E43E81DE1E7D600FC8CC5 /* Main.storyboard */,
				D76E43EB1DE1E7D600FC8CC5 /* Assets.xcassets */,
				D7E57FDB1DE1E829007A9CF8 /* board.png */,
				D7E57FDC1DE1E829007A9CF8 /* cross.png */,
				D7E57FDD1DE1E829007A9CF8 /* nought.png */,
				D76E43ED1DE1E7D600FC8CC5 /* LaunchScreen.storyboard */,
				D76E43F01DE1E7D600FC8CC5 /* Info.plist */,
			);
			path = TicTacToeGame;
			sourceTree = "<group>";
		};
		D76E43F61DE1E80C00FC8CC5 /* images */ = {
			isa = PBXGroup;
			children = (
			);
			name = images;
			sourceTree = "<group>";
		};
/* End PBXGroup section */

/* Begin PBXNativeTarget section */
		D76E43E01DE1E7D600FC8CC5 /* TicTacToeGame */ = {
			isa = PBXNativeTarget;
			buildConfigurationList = D76E43F31DE1E7D600FC8CC5 /* Build configuration list for PBXNativeTarget "TicTacToeGame" */;
			buildPhases = (
				D76E43DD1DE1E7D600FC8CC5 /* Sources */,
				D76E43DE1DE1E7D600FC8CC5 /* Frameworks */,
				D76E43DF1DE1E7D600FC8CC5 /* Resources */,
			);
			buildRules = (
			);
			dependencies = (
			);
			name = TicTacToeGame;
			productName = TicTacToeGame;
			productReference = D76E43E11DE1E7D600FC8CC5 /* TicTacToeGame.app */;
			productType = "com.apple.product-type.application";
		};
/* End PBXNativeTarget section */

/* Begin PBXProject section */
		D76E43D91DE1E7D600FC8CC5 /* Project object */ = {
			isa = PBXProject;
			attributes = {
				LastSwiftUpdateCheck = 0800;
				LastUpgradeCheck = 0800;
				ORGANIZATIONNAME = lavr;
				TargetAttributes = {
					D76E43E01DE1E7D600FC8CC5 = {
						CreatedOnToolsVersion = 8.0;
						DevelopmentTeam = 6L8TXYLGA7;
						ProvisioningStyle = Automatic;
					};
				};
			};
			buildConfigurationList = D76E43DC1DE1E7D600FC8CC5 /* Build configuration list for PBXProject "TicTacToeGame" */;
			compatibilityVersion = "Xcode 3.2";
			developmentRegion = English;
			hasScannedForEncodings = 0;
			knownRegions = (
				en,
				Base,
			);
			mainGroup = D76E43D81DE1E7D600FC8CC5;
			productRefGroup = D76E43E21DE1E7D600FC8CC5 /* Products */;
			projectDirPath = "";
			projectRoot = "";
			targets = (
				D76E43E01DE1E7D600FC8CC5 /* TicTacToeGame */,
			);
		};
/* End PBXProject section */

/* Begin PBXResourcesBuildPhase section */
		D76E43DF1DE1E7D600FC8CC5 /* Resources */ = {
			isa = PBXResourcesBuildPhase;
			buildActionMask = 2147483647;
			files = (
				D7E57FDF1DE1E829007A9CF8 /* cross.png in Resources */,
				D7E57FDE1DE1E829007A9CF8 /* board.png in Resources */,
				D7E57FE01DE1E829007A9CF8 /* nought.png in Resources */,
				D76E43EF1DE1E7D600FC8CC5 /* LaunchScreen.storyboard in Resources */,
				D76E43EC1DE1E7D600FC8CC5 /* Assets.xcassets in Resources */,
				D76E43EA1DE1E7D600FC8CC5 /* Main.storyboard in Resources */,
			);
			runOnlyForDeploymentPostprocessing = 0;
		};
/* End PBXResourcesBuildPhase section */

/* Begin PBXSourcesBuildPhase section */
		D76E43DD1DE1E7D600FC8CC5 /* Sources */ = {
			isa = PBXSourcesBuildPhase;
			buildActionMask = 2147483647;
			files = (
				D76E43E71DE1E7D600FC8CC5 /* ViewController.swift in Sources */,
				D76E43E51DE1E7D600FC8CC5 /* AppDelegate.swift in Sources */,
			);
			runOnlyForDeploymentPostprocessing = 0;
		};
/* End PBXSourcesBuildPhase section */

/* Begin PBXVariantGroup section */
		D76E43E81DE1E7D600FC8CC5 /* Main.storyboard */ = {
			isa = PBXVariantGroup;
			children = (
				D76E43E91DE1E7D600FC8CC5 /* Base */,
			);
			name = Main.storyboard;
			sourceTree = "<group>";
		};
		D76E43ED1DE1E7D600FC8CC5 /* LaunchScreen.storyboard */ = {
			isa = PBXVariantGroup;
			children = (
				D76E43EE1DE1E7D600FC8CC5 /* Base */,
			);
			name = LaunchScreen.storyboard;
			sourceTree = "<group>";
		};
/* End PBXVariantGroup section */

/* Begin XCBuildConfiguration section */
		D76E43F11DE1E7D600FC8CC5 /* Debug */ = {
			isa = XCBuildConfiguration;
			buildSettings = {
				ALWAYS_SEARCH_USER_PATHS = NO;
				CLANG_ANALYZER_NONNULL = YES;
				CLANG_CXX_LANGUAGE_STANDARD = "gnu++0x";
				CLANG_CXX_LIBRARY = "libc++";
				CLANG_ENABLE_MODULES = YES;
				CLANG_ENABLE_OBJC_ARC = YES;
				CLANG_WARN_BOOL_CONVERSION = YES;
				CLANG_WARN_CONSTANT_CONVERSION = YES;
				CLANG_WARN_DIRECT_OBJC_ISA_USAGE = YES_ERROR;
				CLANG_WARN_DOCUMENTATION_COMMENTS = YES;
				CLANG_WARN_EMPTY_BODY = YES;
				CLANG_WARN_ENUM_CONVERSION = YES;
				CLANG_WARN_INFINITE_RECURSION = YES;
				CLANG_WARN_INT_CONVERSION = YES;
				CLANG_WARN_OBJC_ROOT_CLASS = YES_ERROR;
				CLANG_WARN_SUSPICIOUS_MOVES = YES;
				CLANG_WARN_UNREACHABLE_CODE = YES;
				CLANG_WARN__DUPLICATE_METHOD_MATCH = YES;
				"CODE_SIGN_IDENTITY[sdk=iphoneos*]" = "iPhone Developer";
				COPY_PHASE_STRIP = NO;
				DEBUG_INFORMATION_FORMAT = dwarf;
				ENABLE_STRICT_OBJC_MSGSEND = YES;
				ENABLE_TESTABILITY = YES;
				GCC_C_LANGUAGE_STANDARD = gnu99;
				GCC_DYNAMIC_NO_PIC = NO;
				GCC_NO_COMMON_BLOCKS = YES;
				GCC_OPTIMIZATION_LEVEL = 0;
				GCC_PREPROCESSOR_DEFINITIONS = (
					"DEBUG=1",
					"$(inherited)",
				);
				GCC_WARN_64_TO_32_BIT_CONVERSION = YES;
				GCC_WARN_ABOUT_RETURN_TYPE = YES_ERROR;
				GCC_WARN_UNDECLARED_SELECTOR = YES;
				GCC_WARN_UNINITIALIZED_AUTOS = YES_AGGRESSIVE;
				GCC_WARN_UNUSED_FUNCTION = YES;
				GCC_WARN_UNUSED_VARIABLE = YES;
				IPHONEOS_DEPLOYMENT_TARGET = 10.0;
				MTL_ENABLE_DEBUG_INFO = YES;
				ONLY_ACTIVE_ARCH = YES;
				SDKROOT = iphoneos;
				SWIFT_ACTIVE_COMPILATION_CONDITIONS = DEBUG;
				SWIFT_OPTIMIZATION_LEVEL = "-Onone";
			};
			name = Debug;
		};
		D76E43F21DE1E7D600FC8CC5 /* Release */ = {
			isa = XCBuildConfiguration;
			buildSettings = {
				ALWAYS_SEARCH_USER_PATHS = NO;
				CLANG_ANALYZER_NONNULL = YES;
				CLANG_CXX_LANGUAGE_STANDARD = "gnu++0x";
				CLANG_CXX_LIBRARY = "libc++";
				CLANG_ENABLE_MODULES = YES;
				CLANG_ENABLE_OBJC_ARC = YES;
				CLANG_WARN_BOOL_CONVERSION = YES;
				CLANG_WARN_CONSTANT_CONVERSION = YES;
				CLANG_WARN_DIRECT_OBJC_ISA_USAGE = YES_ERROR;
				CLANG_WARN_DOCUMENTATION_COMMENTS = YES;
				CLANG_WARN_EMPTY_BODY = YES;
				CLANG_WARN_ENUM_CONVERSION = YES;
				CLANG_WARN_INFINITE_RECURSION = YES;
				CLANG_WARN_INT_CONVERSION = YES;
				CLANG_WARN_OBJC_ROOT_CLASS = YES_ERROR;
				CLANG_WARN_SUSPICIOUS_MOVES = YES;
				CLANG_WARN_UNREACHABLE_CODE = YES;
				CLANG_WARN__DUPLICATE_METHOD_MATCH = YES;
				"CODE_SIGN_IDENTITY[sdk=iphoneos*]" = "iPhone Developer";
				COPY_PHASE_STRIP = NO;
				DEBUG_INFORMATION_FORMAT = "dwarf-with-dsym";
				ENABLE_NS_ASSERTIONS = NO;
				ENABLE_STRICT_OBJC_MSGSEND = YES;
				GCC_C_LANGUAGE_STANDARD = gnu99;
				GCC_NO_COMMON_BLOCKS = YES;
				GCC_WARN_64_TO_32_BIT_CONVERSION = YES;
				GCC_WARN_ABOUT_RETURN_TYPE = YES_ERROR;
				GCC_WARN_UNDECLARED_SELECTOR = YES;
				GCC_WARN_UNINITIALIZED_AUTOS = YES_AGGRESSIVE;
				GCC_WARN_UNUSED_FUNCTION = YES;
				GCC_WARN_UNUSED_VARIABLE = YES;
				IPHONEOS_DEPLOYMENT_TARGET = 10.0;
				MTL_ENABLE_DEBUG_INFO = NO;
				SDKROOT = iphoneos;
				SWIFT_OPTIMIZATION_LEVEL = "-Owholemodule";
				VALIDATE_PRODUCT = YES;
			};
			name = Release;
		};
		D76E43F41DE1E7D600FC8CC5 /* Debug */ = {
			isa = XCBuildConfiguration;
			buildSettings = {
				ASSETCATALOG_COMPILER_APPICON_NAME = AppIcon;
				DEVELOPMENT_TEAM = 6L8TXYLGA7;
				INFOPLIST_FILE = TicTacToeGame/Info.plist;
				LD_RUNPATH_SEARCH_PATHS = "$(inherited) @executable_path/Frameworks";
				PRODUCT_BUNDLE_IDENTIFIER = com.lavr.TicTacToeGame;
				PRODUCT_NAME = "$(TARGET_NAME)";
				SWIFT_VERSION = 3.0;
			};
			name = Debug;
		};
		D76E43F51DE1E7D600FC8CC5 /* Release */ = {
			isa = XCBuildConfiguration;
			buildSettings = {
				ASSETCATALOG_COMPILER_APPICON_NAME = AppIcon;
				DEVELOPMENT_TEAM = 6L8TXYLGA7;
				INFOPLIST_FILE = TicTacToeGame/Info.plist;
				LD_RUNPATH_SEARCH_PATHS = "$(inherited) @executable_path/Frameworks";
				PRODUCT_BUNDLE_IDENTIFIER = com.lavr.TicTacToeGame;
				PRODUCT_NAME = "$(TARGET_NAME)";
				SWIFT_VERSION = 3.0;
			};
			name = Release;
		};
/* End XCBuildConfiguration section */

/* Begin XCConfigurationList section */
		D76E43DC1DE1E7D600FC8CC5 /* Build configuration list for PBXProject "TicTacToeGame" */ = {
			isa = XCConfigurationList;
			buildConfigurations = (
				D76E43F11DE1E7D600FC8CC5 /* Debug */,
				D76E43F21DE1E7D600FC8CC5 /* Release */,
			);
			defaultConfigurationIsVisible = 0;
			defaultConfigurationName = Release;
		};
		D76E43F31DE1E7D600FC8CC5 /* Build configuration list for PBXNativeTarget "TicTacToeGame" */ = {
			isa = XCConfigurationList;
			buildConfigurations = (
				D76E43F41DE1E7D600FC8CC5 /* Debug */,
				D76E43F51DE1E7D600FC8CC5 /* Release */,
			);
			defaultConfigurationIsVisible = 0;
			defaultConfigurationName = Release;
		};
/* End XCConfigurationList section */
	};
	rootObject = D76E43D91DE1E7D600FC8CC5 /* Project object */;
}
