// !$*UTF8*$!
{
	archiveVersion = 1;
	classes = {
	};
	objectVersion = 46;
	objects = {

/* Begin PBXBuildFile section */
		D7E2AF431DBCF8F3006CA24A /* AppDelegate.swift in Sources */ = {isa = PBXBuildFile; fileRef = D7E2AF421DBCF8F3006CA24A /* AppDelegate.swift */; };
		D7E2AF451DBCF8F3006CA24A /* ViewController.swift in Sources */ = {isa = PBXBuildFile; fileRef = D7E2AF441DBCF8F3006CA24A /* ViewController.swift */; };
		D7E2AF481DBCF8F3006CA24A /* Main.storyboard in Resources */ = {isa = PBXBuildFile; fileRef = D7E2AF461DBCF8F3006CA24A /* Main.storyboard */; };
		D7E2AF4A1DBCF8F3006CA24A /* Assets.xcassets in Resources */ = {isa = PBXBuildFile; fileRef = D7E2AF491DBCF8F3006CA24A /* Assets.xcassets */; };
		D7E2AF4D1DBCF8F3006CA24A /* LaunchScreen.storyboard in Resources */ = {isa = PBXBuildFile; fileRef = D7E2AF4B1DBCF8F3006CA24A /* LaunchScreen.storyboard */; };
/* End PBXBuildFile section */

/* Begin PBXFileReference section */
		D7E2AF3F1DBCF8F3006CA24A /* tableView with Slider.app */ = {isa = PBXFileReference; explicitFileType = wrapper.application; includeInIndex = 0; path = "tableView with Slider.app"; sourceTree = BUILT_PRODUCTS_DIR; };
		D7E2AF421DBCF8F3006CA24A /* AppDelegate.swift */ = {isa = PBXFileReference; lastKnownFileType = sourcecode.swift; path = AppDelegate.swift; sourceTree = "<group>"; };
		D7E2AF441DBCF8F3006CA24A /* ViewController.swift */ = {isa = PBXFileReference; lastKnownFileType = sourcecode.swift; path = ViewController.swift; sourceTree = "<group>"; };
		D7E2AF471DBCF8F3006CA24A /* Base */ = {isa = PBXFileReference; lastKnownFileType = file.storyboard; name = Base; path = Base.lproj/Main.storyboard; sourceTree = "<group>"; };
		D7E2AF491DBCF8F3006CA24A /* Assets.xcassets */ = {isa = PBXFileReference; lastKnownFileType = folder.assetcatalog; path = Assets.xcassets; sourceTree = "<group>"; };
		D7E2AF4C1DBCF8F3006CA24A /* Base */ = {isa = PBXFileReference; lastKnownFileType = file.storyboard; name = Base; path = Base.lproj/LaunchScreen.storyboard; sourceTree = "<group>"; };
		D7E2AF4E1DBCF8F3006CA24A /* Info.plist */ = {isa = PBXFileReference; lastKnownFileType = text.plist.xml; path = Info.plist; sourceTree = "<group>"; };
/* End PBXFileReference section */

/* Begin PBXFrameworksBuildPhase section */
		D7E2AF3C1DBCF8F3006CA24A /* Frameworks */ = {
			isa = PBXFrameworksBuildPhase;
			buildActionMask = 2147483647;
			files = (
			);
			runOnlyForDeploymentPostprocessing = 0;
		};
/* End PBXFrameworksBuildPhase section */

/* Begin PBXGroup section */
		D7E2AF361DBCF8F3006CA24A = {
			isa = PBXGroup;
			children = (
				D7E2AF411DBCF8F3006CA24A /* tableView with Slider */,
				D7E2AF401DBCF8F3006CA24A /* Products */,
			);
			sourceTree = "<group>";
		};
		D7E2AF401DBCF8F3006CA24A /* Products */ = {
			isa = PBXGroup;
			children = (
				D7E2AF3F1DBCF8F3006CA24A /* tableView with Slider.app */,
			);
			name = Products;
			sourceTree = "<group>";
		};
		D7E2AF411DBCF8F3006CA24A /* tableView with Slider */ = {
			isa = PBXGroup;
			children = (
				D7E2AF421DBCF8F3006CA24A /* AppDelegate.swift */,
				D7E2AF441DBCF8F3006CA24A /* ViewController.swift */,
				D7E2AF461DBCF8F3006CA24A /* Main.storyboard */,
				D7E2AF491DBCF8F3006CA24A /* Assets.xcassets */,
				D7E2AF4B1DBCF8F3006CA24A /* LaunchScreen.storyboard */,
				D7E2AF4E1DBCF8F3006CA24A /* Info.plist */,
			);
			path = "tableView with Slider";
			sourceTree = "<group>";
		};
/* End PBXGroup section */

/* Begin PBXNativeTarget section */
		D7E2AF3E1DBCF8F3006CA24A /* tableView with Slider */ = {
			isa = PBXNativeTarget;
			buildConfigurationList = D7E2AF511DBCF8F3006CA24A /* Build configuration list for PBXNativeTarget "tableView with Slider" */;
			buildPhases = (
				D7E2AF3B1DBCF8F3006CA24A /* Sources */,
				D7E2AF3C1DBCF8F3006CA24A /* Frameworks */,
				D7E2AF3D1DBCF8F3006CA24A /* Resources */,
			);
			buildRules = (
			);
			dependencies = (
			);
			name = "tableView with Slider";
			productName = "tableView with Slider";
			productReference = D7E2AF3F1DBCF8F3006CA24A /* tableView with Slider.app */;
			productType = "com.apple.product-type.application";
		};
/* End PBXNativeTarget section */

/* Begin PBXProject section */
		D7E2AF371DBCF8F3006CA24A /* Project object */ = {
			isa = PBXProject;
			attributes = {
				LastSwiftUpdateCheck = 0800;
				LastUpgradeCheck = 0800;
				ORGANIZATIONNAME = lavr;
				TargetAttributes = {
					D7E2AF3E1DBCF8F3006CA24A = {
						CreatedOnToolsVersion = 8.0;
						DevelopmentTeam = 6L8TXYLGA7;
						ProvisioningStyle = Automatic;
					};
				};
			};
			buildConfigurationList = D7E2AF3A1DBCF8F3006CA24A /* Build configuration list for PBXProject "tableView with Slider" */;
			compatibilityVersion = "Xcode 3.2";
			developmentRegion = English;
			hasScannedForEncodings = 0;
			knownRegions = (
				en,
				Base,
			);
			mainGroup = D7E2AF361DBCF8F3006CA24A;
			productRefGroup = D7E2AF401DBCF8F3006CA24A /* Products */;
			projectDirPath = "";
			projectRoot = "";
			targets = (
				D7E2AF3E1DBCF8F3006CA24A /* tableView with Slider */,
			);
		};
/* End PBXProject section */

/* Begin PBXResourcesBuildPhase section */
		D7E2AF3D1DBCF8F3006CA24A /* Resources */ = {
			isa = PBXResourcesBuildPhase;
			buildActionMask = 2147483647;
			files = (
				D7E2AF4D1DBCF8F3006CA24A /* LaunchScreen.storyboard in Resources */,
				D7E2AF4A1DBCF8F3006CA24A /* Assets.xcassets in Resources */,
				D7E2AF481DBCF8F3006CA24A /* Main.storyboard in Resources */,
			);
			runOnlyForDeploymentPostprocessing = 0;
		};
/* End PBXResourcesBuildPhase section */

/* Begin PBXSourcesBuildPhase section */
		D7E2AF3B1DBCF8F3006CA24A /* Sources */ = {
			isa = PBXSourcesBuildPhase;
			buildActionMask = 2147483647;
			files = (
				D7E2AF451DBCF8F3006CA24A /* ViewController.swift in Sources */,
				D7E2AF431DBCF8F3006CA24A /* AppDelegate.swift in Sources */,
			);
			runOnlyForDeploymentPostprocessing = 0;
		};
/* End PBXSourcesBuildPhase section */

/* Begin PBXVariantGroup section */
		D7E2AF461DBCF8F3006CA24A /* Main.storyboard */ = {
			isa = PBXVariantGroup;
			children = (
				D7E2AF471DBCF8F3006CA24A /* Base */,
			);
			name = Main.storyboard;
			sourceTree = "<group>";
		};
		D7E2AF4B1DBCF8F3006CA24A /* LaunchScreen.storyboard */ = {
			isa = PBXVariantGroup;
			children = (
				D7E2AF4C1DBCF8F3006CA24A /* Base */,
			);
			name = LaunchScreen.storyboard;
			sourceTree = "<group>";
		};
/* End PBXVariantGroup section */

/* Begin XCBuildConfiguration section */
		D7E2AF4F1DBCF8F3006CA24A /* Debug */ = {
			isa = XCBuildConfiguration;
			buildSettings = {
				ALWAYS_SEARCH_USER_PATHS = NO;
				CLANG_ANALYZER_NONNULL = YES;
				CLANG_CXX_LANGUAGE_STANDARD = "gnu++0x";
				CLANG_CXX_LIBRARY = "libc++";
				CLANG_ENABLE_MODULES = YES;
				CLANG_ENABLE_OBJC_ARC = YES;
				CLANG_WARN_BOOL_CONVERSION = YES;
				CLANG_WARN_CONSTANT_CONVERSION = YES;
				CLANG_WARN_DIRECT_OBJC_ISA_USAGE = YES_ERROR;
				CLANG_WARN_DOCUMENTATION_COMMENTS = YES;
				CLANG_WARN_EMPTY_BODY = YES;
				CLANG_WARN_ENUM_CONVERSION = YES;
				CLANG_WARN_INFINITE_RECURSION = YES;
				CLANG_WARN_INT_CONVERSION = YES;
				CLANG_WARN_OBJC_ROOT_CLASS = YES_ERROR;
				CLANG_WARN_SUSPICIOUS_MOVES = YES;
				CLANG_WARN_UNREACHABLE_CODE = YES;
				CLANG_WARN__DUPLICATE_METHOD_MATCH = YES;
				"CODE_SIGN_IDENTITY[sdk=iphoneos*]" = "iPhone Developer";
				COPY_PHASE_STRIP = NO;
				DEBUG_INFORMATION_FORMAT = dwarf;
				ENABLE_STRICT_OBJC_MSGSEND = YES;
				ENABLE_TESTABILITY = YES;
				GCC_C_LANGUAGE_STANDARD = gnu99;
				GCC_DYNAMIC_NO_PIC = NO;
				GCC_NO_COMMON_BLOCKS = YES;
				GCC_OPTIMIZATION_LEVEL = 0;
				GCC_PREPROCESSOR_DEFINITIONS = (
					"DEBUG=1",
					"$(inherited)",
				);
				GCC_WARN_64_TO_32_BIT_CONVERSION = YES;
				GCC_WARN_ABOUT_RETURN_TYPE = YES_ERROR;
				GCC_WARN_UNDECLARED_SELECTOR = YES;
				GCC_WARN_UNINITIALIZED_AUTOS = YES_AGGRESSIVE;
				GCC_WARN_UNUSED_FUNCTION = YES;
				GCC_WARN_UNUSED_VARIABLE = YES;
				IPHONEOS_DEPLOYMENT_TARGET = 10.0;
				MTL_ENABLE_DEBUG_INFO = YES;
				ONLY_ACTIVE_ARCH = YES;
				SDKROOT = iphoneos;
				SWIFT_ACTIVE_COMPILATION_CONDITIONS = DEBUG;
				SWIFT_OPTIMIZATION_LEVEL = "-Onone";
			};
			name = Debug;
		};
		D7E2AF501DBCF8F3006CA24A /* Release */ = {
			isa = XCBuildConfiguration;
			buildSettings = {
				ALWAYS_SEARCH_USER_PATHS = NO;
				CLANG_ANALYZER_NONNULL = YES;
				CLANG_CXX_LANGUAGE_STANDARD = "gnu++0x";
				CLANG_CXX_LIBRARY = "libc++";
				CLANG_ENABLE_MODULES = YES;
				CLANG_ENABLE_OBJC_ARC = YES;
				CLANG_WARN_BOOL_CONVERSION = YES;
				CLANG_WARN_CONSTANT_CONVERSION = YES;
				CLANG_WARN_DIRECT_OBJC_ISA_USAGE = YES_ERROR;
				CLANG_WARN_DOCUMENTATION_COMMENTS = YES;
				CLANG_WARN_EMPTY_BODY = YES;
				CLANG_WARN_ENUM_CONVERSION = YES;
				CLANG_WARN_INFINITE_RECURSION = YES;
				CLANG_WARN_INT_CONVERSION = YES;
				CLANG_WARN_OBJC_ROOT_CLASS = YES_ERROR;
				CLANG_WARN_SUSPICIOUS_MOVES = YES;
				CLANG_WARN_UNREACHABLE_CODE = YES;
				CLANG_WARN__DUPLICATE_METHOD_MATCH = YES;
				"CODE_SIGN_IDENTITY[sdk=iphoneos*]" = "iPhone Developer";
				COPY_PHASE_STRIP = NO;
				DEBUG_INFORMATION_FORMAT = "dwarf-with-dsym";
				ENABLE_NS_ASSERTIONS = NO;
				ENABLE_STRICT_OBJC_MSGSEND = YES;
				GCC_C_LANGUAGE_STANDARD = gnu99;
				GCC_NO_COMMON_BLOCKS = YES;
				GCC_WARN_64_TO_32_BIT_CONVERSION = YES;
				GCC_WARN_ABOUT_RETURN_TYPE = YES_ERROR;
				GCC_WARN_UNDECLARED_SELECTOR = YES;
				GCC_WARN_UNINITIALIZED_AUTOS = YES_AGGRESSIVE;
				GCC_WARN_UNUSED_FUNCTION = YES;
				GCC_WARN_UNUSED_VARIABLE = YES;
				IPHONEOS_DEPLOYMENT_TARGET = 10.0;
				MTL_ENABLE_DEBUG_INFO = NO;
				SDKROOT = iphoneos;
				SWIFT_OPTIMIZATION_LEVEL = "-Owholemodule";
				VALIDATE_PRODUCT = YES;
			};
			name = Release;
		};
		D7E2AF521DBCF8F3006CA24A /* Debug */ = {
			isa = XCBuildConfiguration;
			buildSettings = {
				ASSETCATALOG_COMPILER_APPICON_NAME = AppIcon;
				DEVELOPMENT_TEAM = 6L8TXYLGA7;
				INFOPLIST_FILE = "tableView with Slider/Info.plist";
				LD_RUNPATH_SEARCH_PATHS = "$(inherited) @executable_path/Frameworks";
				PRODUCT_BUNDLE_IDENTIFIER = "com.lavr.tableView-with-Slider";
				PRODUCT_NAME = "$(TARGET_NAME)";
				SWIFT_VERSION = 3.0;
			};
			name = Debug;
		};
		D7E2AF531DBCF8F3006CA24A /* Release */ = {
			isa = XCBuildConfiguration;
			buildSettings = {
				ASSETCATALOG_COMPILER_APPICON_NAME = AppIcon;
				DEVELOPMENT_TEAM = 6L8TXYLGA7;
				INFOPLIST_FILE = "tableView with Slider/Info.plist";
				LD_RUNPATH_SEARCH_PATHS = "$(inherited) @executable_path/Frameworks";
				PRODUCT_BUNDLE_IDENTIFIER = "com.lavr.tableView-with-Slider";
				PRODUCT_NAME = "$(TARGET_NAME)";
				SWIFT_VERSION = 3.0;
			};
			name = Release;
		};
/* End XCBuildConfiguration section */

/* Begin XCConfigurationList section */
		D7E2AF3A1DBCF8F3006CA24A /* Build configuration list for PBXProject "tableView with Slider" */ = {
			isa = XCConfigurationList;
			buildConfigurations = (
				D7E2AF4F1DBCF8F3006CA24A /* Debug */,
				D7E2AF501DBCF8F3006CA24A /* Release */,
			);
			defaultConfigurationIsVisible = 0;
			defaultConfigurationName = Release;
		};
		D7E2AF511DBCF8F3006CA24A /* Build configuration list for PBXNativeTarget "tableView with Slider" */ = {
			isa = XCConfigurationList;
			buildConfigurations = (
				D7E2AF521DBCF8F3006CA24A /* Debug */,
				D7E2AF531DBCF8F3006CA24A /* Release */,
			);
			defaultConfigurationIsVisible = 0;
		};
/* End XCConfigurationList section */
	};
	rootObject = D7E2AF371DBCF8F3006CA24A /* Project object */;
}
